
Microsoft Visual Studio Solution File, Format Version 12.00
# Visual Studio 15
VisualStudioVersion = 15.0.26124.0
MinimumVisualStudioVersion = 15.0.26124.0
Project("{FAE04EC0-301F-11D3-BF4B-00C04F79EFBC}") = "Xunit.StaFact", "Xunit.StaFact\Xunit.StaFact.csproj", "{4D9359DA-9AB7-4823-BB8B-3AA1BE0A29F0}"
EndProject
Project("{FAE04EC0-301F-11D3-BF4B-00C04F79EFBC}") = "Xunit.StaFact.Mac", "Xunit.StaFact.Mac\Xunit.StaFact.Mac.csproj", "{F2B1D2DB-2B32-4CEF-956B-C43E5C881F11}"
EndProject
Project("{FAE04EC0-301F-11D3-BF4B-00C04F79EFBC}") = "Xunit.StaFact.Mac.Tests", "Xunit.StaFact.Mac.Tests\Xunit.StaFact.Mac.Tests.csproj", "{2BE81909-0A47-4CBA-A8B6-5918355D2832}"
EndProject
Global
	GlobalSection(SolutionConfigurationPlatforms) = preSolution
		Debug|Any CPU = Debug|Any CPU
		Debug|x64 = Debug|x64
		Debug|x86 = Debug|x86
		Release|Any CPU = Release|Any CPU
		Release|x64 = Release|x64
		Release|x86 = Release|x86
	EndGlobalSection
	GlobalSection(SolutionProperties) = preSolution
		HideSolutionNode = FALSE
	EndGlobalSection
	GlobalSection(ProjectConfigurationPlatforms) = postSolution
		{4D9359DA-9AB7-4823-BB8B-3AA1BE0A29F0}.Debug|Any CPU.ActiveCfg = Debug|Any CPU
		{4D9359DA-9AB7-4823-BB8B-3AA1BE0A29F0}.Debug|Any CPU.Build.0 = Debug|Any CPU
		{4D9359DA-9AB7-4823-BB8B-3AA1BE0A29F0}.Debug|x64.ActiveCfg = Debug|Any CPU
		{4D9359DA-9AB7-4823-BB8B-3AA1BE0A29F0}.Debug|x64.Build.0 = Debug|Any CPU
		{4D9359DA-9AB7-4823-BB8B-3AA1BE0A29F0}.Debug|x86.ActiveCfg = Debug|Any CPU
		{4D9359DA-9AB7-4823-BB8B-3AA1BE0A29F0}.Debug|x86.Build.0 = Debug|Any CPU
		{4D9359DA-9AB7-4823-BB8B-3AA1BE0A29F0}.Release|Any CPU.ActiveCfg = Release|Any CPU
		{4D9359DA-9AB7-4823-BB8B-3AA1BE0A29F0}.Release|Any CPU.Build.0 = Release|Any CPU
		{4D9359DA-9AB7-4823-BB8B-3AA1BE0A29F0}.Release|x64.ActiveCfg = Release|Any CPU
		{4D9359DA-9AB7-4823-BB8B-3AA1BE0A29F0}.Release|x64.Build.0 = Release|Any CPU
		{4D9359DA-9AB7-4823-BB8B-3AA1BE0A29F0}.Release|x86.ActiveCfg = Release|Any CPU
		{4D9359DA-9AB7-4823-BB8B-3AA1BE0A29F0}.Release|x86.Build.0 = Release|Any CPU
		{F2B1D2DB-2B32-4CEF-956B-C43E5C881F11}.Debug|Any CPU.ActiveCfg = Debug|Any CPU
		{F2B1D2DB-2B32-4CEF-956B-C43E5C881F11}.Debug|Any CPU.Build.0 = Debug|Any CPU
		{F2B1D2DB-2B32-4CEF-956B-C43E5C881F11}.Debug|x64.ActiveCfg = Debug|Any CPU
		{F2B1D2DB-2B32-4CEF-956B-C43E5C881F11}.Debug|x64.Build.0 = Debug|Any CPU
		{F2B1D2DB-2B32-4CEF-956B-C43E5C881F11}.Debug|x86.ActiveCfg = Debug|Any CPU
		{F2B1D2DB-2B32-4CEF-956B-C43E5C881F11}.Debug|x86.Build.0 = Debug|Any CPU
		{F2B1D2DB-2B32-4CEF-956B-C43E5C881F11}.Release|Any CPU.ActiveCfg = Release|Any CPU
		{F2B1D2DB-2B32-4CEF-956B-C43E5C881F11}.Release|Any CPU.Build.0 = Release|Any CPU
		{F2B1D2DB-2B32-4CEF-956B-C43E5C881F11}.Release|x64.ActiveCfg = Release|Any CPU
		{F2B1D2DB-2B32-4CEF-956B-C43E5C881F11}.Release|x64.Build.0 = Release|Any CPU
		{F2B1D2DB-2B32-4CEF-956B-C43E5C881F11}.Release|x86.ActiveCfg = Release|Any CPU
		{F2B1D2DB-2B32-4CEF-956B-C43E5C881F11}.Release|x86.Build.0 = Release|Any CPU
		{2BE81909-0A47-4CBA-A8B6-5918355D2832}.Debug|Any CPU.ActiveCfg = Debug|Any CPU
		{2BE81909-0A47-4CBA-A8B6-5918355D2832}.Debug|Any CPU.Build.0 = Debug|Any CPU
		{2BE81909-0A47-4CBA-A8B6-5918355D2832}.Debug|x64.ActiveCfg = Debug|Any CPU
		{2BE81909-0A47-4CBA-A8B6-5918355D2832}.Debug|x64.Build.0 = Debug|Any CPU
		{2BE81909-0A47-4CBA-A8B6-5918355D2832}.Debug|x86.ActiveCfg = Debug|Any CPU
		{2BE81909-0A47-4CBA-A8B6-5918355D2832}.Debug|x86.Build.0 = Debug|Any CPU
		{2BE81909-0A47-4CBA-A8B6-5918355D2832}.Release|Any CPU.ActiveCfg = Release|Any CPU
		{2BE81909-0A47-4CBA-A8B6-5918355D2832}.Release|Any CPU.Build.0 = Release|Any CPU
		{2BE81909-0A47-4CBA-A8B6-5918355D2832}.Release|x64.ActiveCfg = Release|Any CPU
		{2BE81909-0A47-4CBA-A8B6-5918355D2832}.Release|x64.Build.0 = Release|Any CPU
		{2BE81909-0A47-4CBA-A8B6-5918355D2832}.Release|x86.ActiveCfg = Release|Any CPU
		{2BE81909-0A47-4CBA-A8B6-5918355D2832}.Release|x86.Build.0 = Release|Any CPU
	EndGlobalSection
EndGlobal
